{
  "name": "my-sum-bacancy",
  "version": "1.0.0",
  "lockfileVersion": 2,
  "requires": true,
  "packages": {
    "": {
      "name": "my-sum-bacancy",
      "version": "1.0.0",
      "license": "ISC",
      "dependencies": {
        "my-sum-bacancy": "^1.0.0"
      }
    },
    "node_modules/my-sum-bacancy": {
      "version": "1.0.0",
      "resolved": "https://registry.npmjs.org/my-sum-bacancy/-/my-sum-bacancy-1.0.0.tgz",
      "integrity": "sha512-gPb3CnMzfgACWfOZCatqTPUUFj5BkBRZkvYKcxAWwjskQefrJQref2zYdAwjsM7LBGc8FY0t5Pp/UtKNXTgtnA=="
    }
  },
  "dependencies": {
    "my-sum-bacancy": {
      "version": "1.0.0",
      "resolved": "https://registry.npmjs.org/my-sum-bacancy/-/my-sum-bacancy-1.0.0.tgz",
      "integrity": "sha512-gPb3CnMzfgACWfOZCatqTPUUFj5BkBRZkvYKcxAWwjskQefrJQref2zYdAwjsM7LBGc8FY0t5Pp/UtKNXTgtnA=="
    }
  }
}
